
Microsoft Visual Studio Solution File, Format Version 12.00
# Visual Studio 2012
Project("{FAE04EC0-301F-11D3-BF4B-00C04F79EFBC}") = "FriendsPortal.Ux", "FriendsPortal.Ux\FriendsPortal.Ux.csproj", "{DD1212A7-637D-4ED6-A6B2-8B811047A5D2}"
EndProject
Project("{FAE04EC0-301F-11D3-BF4B-00C04F79EFBC}") = "FriendsPortal.Ux.Tests", "FriendsPortal.Ux.Tests\FriendsPortal.Ux.Tests.csproj", "{E250E39B-6EE6-4BCB-BB92-D62D46145E67}"
EndProject
Project("{FAE04EC0-301F-11D3-BF4B-00C04F79EFBC}") = "FriendsPortal.Entities", "FriendsPortal.Entities\FriendsPortal.Entities.csproj", "{44FC4EDC-7C9B-46B6-98AD-D59C42761F57}"
EndProject
Project("{2150E333-8FDC-42A3-9474-1A3956D46DE8}") = ".nuget", ".nuget", "{BE33E858-A363-4F25-83B7-929965D18C7E}"
	ProjectSection(SolutionItems) = preProject
		.nuget\NuGet.Config = .nuget\NuGet.Config
		.nuget\NuGet.exe = .nuget\NuGet.exe
		.nuget\NuGet.targets = .nuget\NuGet.targets
	EndProjectSection
EndProject
Global
	GlobalSection(SolutionConfigurationPlatforms) = preSolution
		Debug|Any CPU = Debug|Any CPU
		Release|Any CPU = Release|Any CPU
	EndGlobalSection
	GlobalSection(ProjectConfigurationPlatforms) = postSolution
		{DD1212A7-637D-4ED6-A6B2-8B811047A5D2}.Debug|Any CPU.ActiveCfg = Debug|Any CPU
		{DD1212A7-637D-4ED6-A6B2-8B811047A5D2}.Debug|Any CPU.Build.0 = Debug|Any CPU
		{DD1212A7-637D-4ED6-A6B2-8B811047A5D2}.Release|Any CPU.ActiveCfg = Release|Any CPU
		{DD1212A7-637D-4ED6-A6B2-8B811047A5D2}.Release|Any CPU.Build.0 = Release|Any CPU
		{E250E39B-6EE6-4BCB-BB92-D62D46145E67}.Debug|Any CPU.ActiveCfg = Debug|Any CPU
		{E250E39B-6EE6-4BCB-BB92-D62D46145E67}.Debug|Any CPU.Build.0 = Debug|Any CPU
		{E250E39B-6EE6-4BCB-BB92-D62D46145E67}.Release|Any CPU.ActiveCfg = Release|Any CPU
		{E250E39B-6EE6-4BCB-BB92-D62D46145E67}.Release|Any CPU.Build.0 = Release|Any CPU
		{44FC4EDC-7C9B-46B6-98AD-D59C42761F57}.Debug|Any CPU.ActiveCfg = Debug|Any CPU
		{44FC4EDC-7C9B-46B6-98AD-D59C42761F57}.Debug|Any CPU.Build.0 = Debug|Any CPU
		{44FC4EDC-7C9B-46B6-98AD-D59C42761F57}.Release|Any CPU.ActiveCfg = Release|Any CPU
		{44FC4EDC-7C9B-46B6-98AD-D59C42761F57}.Release|Any CPU.Build.0 = Release|Any CPU
	EndGlobalSection
	GlobalSection(SolutionProperties) = preSolution
		HideSolutionNode = FALSE
	EndGlobalSection
EndGlobal
